
Microsoft Visual Studio Solution File, Format Version 12.00
# Visual Studio Version 17
VisualStudioVersion = 17.0.31903.59
MinimumVisualStudioVersion = 10.0.40219.1
Project("{FAE04EC0-301F-11D3-BF4B-00C04F79EFBC}") = "Models", "Models\Models.csproj", "{DE3CC06D-DF3D-473A-B3EA-A27D3FBD6AE8}"
EndProject
Project("{FAE04EC0-301F-11D3-BF4B-00C04F79EFBC}") = "ViewModels", "ViewModels\ViewModels.csproj", "{0C438AE0-C27C-4A47-AE67-89559E512787}"
EndProject
Project("{FAE04EC0-301F-11D3-BF4B-00C04F79EFBC}") = "Views", "Views\Views.csproj", "{45E7F0AA-EA1D-4716-A958-50341D163E6C}"
EndProject
Project("{FAE04EC0-301F-11D3-BF4B-00C04F79EFBC}") = "App", "App\App.csproj", "{A6361DBB-5296-435A-943A-B8D5E71675B5}"
EndProject
Global
	GlobalSection(SolutionConfigurationPlatforms) = preSolution
		Debug|Any CPU = Debug|Any CPU
		Release|Any CPU = Release|Any CPU
	EndGlobalSection
	GlobalSection(ProjectConfigurationPlatforms) = postSolution
		{DE3CC06D-DF3D-473A-B3EA-A27D3FBD6AE8}.Debug|Any CPU.ActiveCfg = Debug|Any CPU
		{DE3CC06D-DF3D-473A-B3EA-A27D3FBD6AE8}.Debug|Any CPU.Build.0 = Debug|Any CPU
		{DE3CC06D-DF3D-473A-B3EA-A27D3FBD6AE8}.Release|Any CPU.ActiveCfg = Release|Any CPU
		{DE3CC06D-DF3D-473A-B3EA-A27D3FBD6AE8}.Release|Any CPU.Build.0 = Release|Any CPU
		{0C438AE0-C27C-4A47-AE67-89559E512787}.Debug|Any CPU.ActiveCfg = Debug|Any CPU
		{0C438AE0-C27C-4A47-AE67-89559E512787}.Debug|Any CPU.Build.0 = Debug|Any CPU
		{0C438AE0-C27C-4A47-AE67-89559E512787}.Release|Any CPU.ActiveCfg = Release|Any CPU
		{0C438AE0-C27C-4A47-AE67-89559E512787}.Release|Any CPU.Build.0 = Release|Any CPU
		{45E7F0AA-EA1D-4716-A958-50341D163E6C}.Debug|Any CPU.ActiveCfg = Debug|Any CPU
		{45E7F0AA-EA1D-4716-A958-50341D163E6C}.Debug|Any CPU.Build.0 = Debug|Any CPU
		{45E7F0AA-EA1D-4716-A958-50341D163E6C}.Release|Any CPU.ActiveCfg = Release|Any CPU
		{45E7F0AA-EA1D-4716-A958-50341D163E6C}.Release|Any CPU.Build.0 = Release|Any CPU
		{A6361DBB-5296-435A-943A-B8D5E71675B5}.Debug|Any CPU.ActiveCfg = Debug|Any CPU
		{A6361DBB-5296-435A-943A-B8D5E71675B5}.Debug|Any CPU.Build.0 = Debug|Any CPU
		{A6361DBB-5296-435A-943A-B8D5E71675B5}.Release|Any CPU.ActiveCfg = Release|Any CPU
		{A6361DBB-5296-435A-943A-B8D5E71675B5}.Release|Any CPU.Build.0 = Release|Any CPU
	EndGlobalSection
	GlobalSection(SolutionProperties) = preSolution
		HideSolutionNode = FALSE
	EndGlobalSection
EndGlobal
